
Microsoft Visual Studio Solution File, Format Version 12.00
# Visual Studio 15
VisualStudioVersion = 15.0.26430.14
MinimumVisualStudioVersion = 10.0.40219.1
Project("{FAE04EC0-301F-11D3-BF4B-00C04F79EFBC}") = "mailMassDelete", "mailMassDelete\mailMassDelete.csproj", "{FDE9FD9B-8AE7-4131-8739-44432BB15867}"
EndProject
Global
	GlobalSection(SolutionConfigurationPlatforms) = preSolution
		Debug|Any CPU = Debug|Any CPU
		Release|Any CPU = Release|Any CPU
	EndGlobalSection
	GlobalSection(ProjectConfigurationPlatforms) = postSolution
		{FDE9FD9B-8AE7-4131-8739-44432BB15867}.Debug|Any CPU.ActiveCfg = Debug|Any CPU
		{FDE9FD9B-8AE7-4131-8739-44432BB15867}.Debug|Any CPU.Build.0 = Debug|Any CPU
		{FDE9FD9B-8AE7-4131-8739-44432BB15867}.Release|Any CPU.ActiveCfg = Release|Any CPU
		{FDE9FD9B-8AE7-4131-8739-44432BB15867}.Release|Any CPU.Build.0 = Release|Any CPU
	EndGlobalSection
	GlobalSection(SolutionProperties) = preSolution
		HideSolutionNode = FALSE
	EndGlobalSection
EndGlobal
